
Microsoft Visual Studio Solution File, Format Version 12.00
# Visual Studio Version 16
VisualStudioVersion = 16.0.31402.337
MinimumVisualStudioVersion = 10.0.40219.1
Project("{FAE04EC0-301F-11D3-BF4B-00C04F79EFBC}") = "ConsoleApp1", "ConsoleApp1\ConsoleApp1.csproj", "{D8F17AA0-817E-44C4-AF8D-4FBEF9277232}"
EndProject
Global
	GlobalSection(SolutionConfigurationPlatforms) = preSolution
		Debug|Any CPU = Debug|Any CPU
		Release|Any CPU = Release|Any CPU
	EndGlobalSection
	GlobalSection(ProjectConfigurationPlatforms) = postSolution
		{D8F17AA0-817E-44C4-AF8D-4FBEF9277232}.Debug|Any CPU.ActiveCfg = Debug|Any CPU
		{D8F17AA0-817E-44C4-AF8D-4FBEF9277232}.Debug|Any CPU.Build.0 = Debug|Any CPU
		{D8F17AA0-817E-44C4-AF8D-4FBEF9277232}.Release|Any CPU.ActiveCfg = Release|Any CPU
		{D8F17AA0-817E-44C4-AF8D-4FBEF9277232}.Release|Any CPU.Build.0 = Release|Any CPU
	EndGlobalSection
	GlobalSection(SolutionProperties) = preSolution
		HideSolutionNode = FALSE
	EndGlobalSection
	GlobalSection(ExtensibilityGlobals) = postSolution
		SolutionGuid = {38D1AA62-40D1-4EED-873D-A707064F3F7B}
	EndGlobalSection
EndGlobal
